{
  "name": "archtradition-contract",
  "version": "0.0.1",
  "lockfileVersion": 2,
  "requires": true,
  "packages": {
    "": {
      "name": "archtradition-contract",
      "version": "0.0.1",
      "dependencies": {
        "tslib": "^2.3.0"
      },
      "peerDependencies": {
        "@angular/common": "^15.0.0",
        "@angular/core": "^15.0.0",
        "@types/moment-duration-format": "2.2.2",
        "moment-duration-format": "2.3.2"
      }
    },
    "node_modules/@angular/common": {
      "version": "15.0.1",
      "resolved": "http://localhost:4873/@angular%2fcommon/-/common-15.0.1.tgz",
      "integrity": "sha512-XRD1Dj2aINyp5yYueCuwLU1y84z+ZFXeO84oNfwIu0unHszuo02iIzrV+yCm/ATwt6qUkIbe6xhZNjUorZecyA==",
      "peer": true,
      "dependencies": {
        "tslib": "^2.3.0"
      },
      "engines": {
        "node": "^14.20.0 || ^16.13.0 || >=18.10.0"
      },
      "peerDependencies": {
        "@angular/core": "15.0.1",
        "rxjs": "^6.5.3 || ^7.4.0"
      }
    },
    "node_modules/@angular/core": {
      "version": "15.0.1",
      "resolved": "http://localhost:4873/@angular%2fcore/-/core-15.0.1.tgz",
      "integrity": "sha512-idaKf9hhguyGn/yj5KMHIUEvW4PpeYcwlRUSoEskQC1799BsXwJyV0AwZ67GH1ltnAj34gbhMhDedcCLdhOffA==",
      "peer": true,
      "dependencies": {
        "tslib": "^2.3.0"
      },
      "engines": {
        "node": "^14.20.0 || ^16.13.0 || >=18.10.0"
      },
      "peerDependencies": {
        "rxjs": "^6.5.3 || ^7.4.0",
        "zone.js": "~0.11.4 || ~0.12.0"
      }
    },
    "node_modules/@types/moment-duration-format": {
      "version": "2.2.2",
      "resolved": "http://localhost:4873/@types%2fmoment-duration-format/-/moment-duration-format-2.2.2.tgz",
      "integrity": "sha512-CuYswsMI3y5uR5sD9i/VUqIbZrsYN2eaCs7nH3qpDl2CZlNI48mjMf4ve2RpQ/65irprtnQVetfnea9my+jqcg==",
      "peer": true,
      "dependencies": {
        "moment": ">=2.14.0"
      }
    },
    "node_modules/moment": {
      "version": "2.29.4",
      "resolved": "http://localhost:4873/moment/-/moment-2.29.4.tgz",
      "integrity": "sha512-5LC9SOxjSc2HF6vO2CyuTDNivEdoz2IvyJJGj6X8DJ0eFyfszE0QiEd+iXmBvUP3WHxSjFH/vIsA0EN00cgr8w==",
      "peer": true,
      "engines": {
        "node": "*"
      }
    },
    "node_modules/moment-duration-format": {
      "version": "2.3.2",
      "resolved": "http://localhost:4873/moment-duration-format/-/moment-duration-format-2.3.2.tgz",
      "integrity": "sha512-cBMXjSW+fjOb4tyaVHuaVE/A5TqkukDWiOfxxAjY+PEqmmBQlLwn+8OzwPiG3brouXKY5Un4pBjAeB6UToXHaQ==",
      "peer": true
    },
    "node_modules/rxjs": {
      "version": "7.5.7",
      "resolved": "http://localhost:4873/rxjs/-/rxjs-7.5.7.tgz",
      "integrity": "sha512-z9MzKh/UcOqB3i20H6rtrlaE/CgjLOvheWK/9ILrbhROGTweAi1BaFsTT9FbwZi5Trr1qNRs+MXkhmR06awzQA==",
      "peer": true,
      "dependencies": {
        "tslib": "^2.1.0"
      }
    },
    "node_modules/tslib": {
      "version": "2.4.1",
      "resolved": "http://localhost:4873/tslib/-/tslib-2.4.1.tgz",
      "integrity": "sha512-tGyy4dAjRIEwI7BzsB0lynWgOpfqjUdq91XXAlIWD2OwKBH7oCl/GZG/HT4BOHrTlPMOASlMQ7veyTqpmRcrNA=="
    },
    "node_modules/zone.js": {
      "version": "0.12.0",
      "resolved": "http://localhost:4873/zone.js/-/zone.js-0.12.0.tgz",
      "integrity": "sha512-XtC+I5dXU14HrzidAKBNMqneIVUykLEAA1x+v4KVrd6AUPWlwYORF8KgsVqvgdHiKZ4BkxxjvYi/ksEixTPR0Q==",
      "peer": true,
      "dependencies": {
        "tslib": "^2.3.0"
      }
    }
  },
  "dependencies": {
    "@angular/common": {
      "version": "15.0.1",
      "resolved": "http://localhost:4873/@angular%2fcommon/-/common-15.0.1.tgz",
      "integrity": "sha512-XRD1Dj2aINyp5yYueCuwLU1y84z+ZFXeO84oNfwIu0unHszuo02iIzrV+yCm/ATwt6qUkIbe6xhZNjUorZecyA==",
      "peer": true,
      "requires": {
        "tslib": "^2.3.0"
      }
    },
    "@angular/core": {
      "version": "15.0.1",
      "resolved": "http://localhost:4873/@angular%2fcore/-/core-15.0.1.tgz",
      "integrity": "sha512-idaKf9hhguyGn/yj5KMHIUEvW4PpeYcwlRUSoEskQC1799BsXwJyV0AwZ67GH1ltnAj34gbhMhDedcCLdhOffA==",
      "peer": true,
      "requires": {
        "tslib": "^2.3.0"
      }
    },
    "@types/moment-duration-format": {
      "version": "2.2.2",
      "resolved": "http://localhost:4873/@types%2fmoment-duration-format/-/moment-duration-format-2.2.2.tgz",
      "integrity": "sha512-CuYswsMI3y5uR5sD9i/VUqIbZrsYN2eaCs7nH3qpDl2CZlNI48mjMf4ve2RpQ/65irprtnQVetfnea9my+jqcg==",
      "peer": true,
      "requires": {
        "moment": ">=2.14.0"
      }
    },
    "moment": {
      "version": "2.29.4",
      "resolved": "http://localhost:4873/moment/-/moment-2.29.4.tgz",
      "integrity": "sha512-5LC9SOxjSc2HF6vO2CyuTDNivEdoz2IvyJJGj6X8DJ0eFyfszE0QiEd+iXmBvUP3WHxSjFH/vIsA0EN00cgr8w==",
      "peer": true
    },
    "moment-duration-format": {
      "version": "2.3.2",
      "resolved": "http://localhost:4873/moment-duration-format/-/moment-duration-format-2.3.2.tgz",
      "integrity": "sha512-cBMXjSW+fjOb4tyaVHuaVE/A5TqkukDWiOfxxAjY+PEqmmBQlLwn+8OzwPiG3brouXKY5Un4pBjAeB6UToXHaQ==",
      "peer": true
    },
    "rxjs": {
      "version": "7.5.7",
      "resolved": "http://localhost:4873/rxjs/-/rxjs-7.5.7.tgz",
      "integrity": "sha512-z9MzKh/UcOqB3i20H6rtrlaE/CgjLOvheWK/9ILrbhROGTweAi1BaFsTT9FbwZi5Trr1qNRs+MXkhmR06awzQA==",
      "peer": true,
      "requires": {
        "tslib": "^2.1.0"
      }
    },
    "tslib": {
      "version": "2.4.1",
      "resolved": "http://localhost:4873/tslib/-/tslib-2.4.1.tgz",
      "integrity": "sha512-tGyy4dAjRIEwI7BzsB0lynWgOpfqjUdq91XXAlIWD2OwKBH7oCl/GZG/HT4BOHrTlPMOASlMQ7veyTqpmRcrNA=="
    },
    "zone.js": {
      "version": "0.12.0",
      "resolved": "http://localhost:4873/zone.js/-/zone.js-0.12.0.tgz",
      "integrity": "sha512-XtC+I5dXU14HrzidAKBNMqneIVUykLEAA1x+v4KVrd6AUPWlwYORF8KgsVqvgdHiKZ4BkxxjvYi/ksEixTPR0Q==",
      "peer": true,
      "requires": {
        "tslib": "^2.3.0"
      }
    }
  }
}
